
Microsoft Visual Studio Solution File, Format Version 12.00
# Visual Studio Version 17
VisualStudioVersion = 17.9.34728.123
MinimumVisualStudioVersion = 10.0.40219.1
Project("{FAE04EC0-301F-11D3-BF4B-00C04F79EFBC}") = "C# atividade 004", "C# atividade 004\C# atividade 004.csproj", "{0F9A5343-5278-4091-996E-0E440F80C608}"
EndProject
Global
	GlobalSection(SolutionConfigurationPlatforms) = preSolution
		Debug|Any CPU = Debug|Any CPU
		Release|Any CPU = Release|Any CPU
	EndGlobalSection
	GlobalSection(ProjectConfigurationPlatforms) = postSolution
		{0F9A5343-5278-4091-996E-0E440F80C608}.Debug|Any CPU.ActiveCfg = Debug|Any CPU
		{0F9A5343-5278-4091-996E-0E440F80C608}.Debug|Any CPU.Build.0 = Debug|Any CPU
		{0F9A5343-5278-4091-996E-0E440F80C608}.Release|Any CPU.ActiveCfg = Release|Any CPU
		{0F9A5343-5278-4091-996E-0E440F80C608}.Release|Any CPU.Build.0 = Release|Any CPU
	EndGlobalSection
	GlobalSection(SolutionProperties) = preSolution
		HideSolutionNode = FALSE
	EndGlobalSection
	GlobalSection(ExtensibilityGlobals) = postSolution
		SolutionGuid = {687814CB-E96C-479A-8241-CB9BAFBB9CED}
	EndGlobalSection
EndGlobal
